<Solution>
  <Configurations>
    <Platform Name="Any CPU" />
    <Platform Name="x64" />
    <Platform Name="x86" />
  </Configurations>
  <Folder Name="/src/" />
  <Folder Name="/src/CmsWebhook/">
    <Project Path="src/CmsWebhook/CmsWebhook.Api/CmsWebhook.Api.csproj" />
    <Project Path="src/CmsWebhook/CmsWebhook.Application/CmsWebhook.Application.csproj" />
    <Project Path="src/CmsWebhook/CmsWebhook.Domain/CmsWebhook.Domain.csproj" />
    <Project Path="src/CmsWebhook/CmsWebhook.Infrastructure/CmsWebhook.Infrastructure.csproj" />
  </Folder>
  <Folder Name="/src/Shared/">
    <Project Path="src/Shared/QueueApi.Auth/QueueApi.Auth.csproj" />
    <Project Path="src/Shared/QueueApi.Persistence/QueueApi.Persistence.csproj" />
  </Folder>
  <Folder Name="/src/Users/">
    <Project Path="src/Users/Users.Api/Users.Api.csproj" />
    <Project Path="src/Users/Users.Application/Users.Application.csproj" />
    <Project Path="src/Users/Users.Infrastructure/Users.Infrastructure.csproj" />
  </Folder>
  <Folder Name="/tests/" />
  <Folder Name="/tests/CmsWebhook/">
    <Project Path="tests/CmsWebhook/CmsWebhook.Api.Tests/CmsWebhook.Api.Tests.csproj" />
    <Project Path="tests/CmsWebhook/CmsWebhook.Application.Tests/CmsWebhook.Application.Tests.csproj" />
    <Project Path="tests/CmsWebhook/CmsWebhook.Domain.Tests/CmsWebhook.Domain.Tests.csproj" />
    <Project Path="tests/CmsWebhook/CmsWebhook.Infrastructure.Tests/CmsWebhook.Infrastructure.Tests.csproj" />
  </Folder>
  <Folder Name="/tests/Shared/">
    <Project Path="tests/Shared/QueueApi.Auth.Tests/QueueApi.Auth.Tests.csproj" />
    <Project Path="tests/Shared/QueueApi.Persistence.Tests/QueueApi.Persistence.Tests.csproj" />
  </Folder>
  <Folder Name="/tests/Users/">
    <Project Path="tests/Users/Users.Api.Tests/Users.Api.Tests.csproj" />
    <Project Path="tests/Users/Users.Application.Tests/Users.Application.Tests.csproj" />
    <Project Path="tests/Users/Users.Infrastructure.Tests/Users.Infrastructure.Tests.csproj" />
  </Folder>
  <Folder Name="/tools/">
    <Project Path="tools/AuthDbInit/AuthDbInit.csproj" />
    <Project Path="tools/AuthDbInit.Tests/AuthDbInit.Tests.csproj" />
  </Folder>
  <!-- The end-to-end smoke tests (tests/E2E/QueueApi.E2E.Tests) deliberately live OUTSIDE this
       solution: they run as their own CI job so the blanket `dotnet test QueueApi.slnx` run stays a
       fast per-module unit/integration suite. Run them explicitly with
       `dotnet test tests/E2E/QueueApi.E2E.Tests/QueueApi.E2E.Tests.csproj`. -->
</Solution>
